// !$*UTF8*$!
{
	archiveVersion = 1;
	classes = {
	};
	objectVersion = 56;
	objects = {

/* Begin PBXBuildFile section */
		6F050B1D2BF1AAA3003D54BD /* MainView.swift in Sources */ = {isa = PBXBuildFile; fileRef = 6F050B1C2BF1AAA3003D54BD /* MainView.swift */; };
		6F050B202BF1AB60003D54BD /* CGSize+Operators.swift in Sources */ = {isa = PBXBuildFile; fileRef = 6F050B1F2BF1AB60003D54BD /* CGSize+Operators.swift */; };
		6F050B222BF1AC08003D54BD /* GraphView.swift in Sources */ = {isa = PBXBuildFile; fileRef = 6F050B212BF1AC08003D54BD /* GraphView.swift */; };
		6F050B242BF1AC30003D54BD /* KPNode.swift in Sources */ = {isa = PBXBuildFile; fileRef = 6F050B232BF1AC30003D54BD /* KPNode.swift */; };
		6F050B262BF1AC6B003D54BD /* View+draggable.swift in Sources */ = {isa = PBXBuildFile; fileRef = 6F050B252BF1AC6B003D54BD /* View+draggable.swift */; };
		6F050B282BF1ACA0003D54BD /* DraggableViewModifier.swift in Sources */ = {isa = PBXBuildFile; fileRef = 6F050B272BF1ACA0003D54BD /* DraggableViewModifier.swift */; };
		6F050B2A2BF1AD8A003D54BD /* NodeView.swift in Sources */ = {isa = PBXBuildFile; fileRef = 6F050B292BF1AD8A003D54BD /* NodeView.swift */; };
		6F050B2C2BF1BD4B003D54BD /* KPBoard.swift in Sources */ = {isa = PBXBuildFile; fileRef = 6F050B2B2BF1BD4B003D54BD /* KPBoard.swift */; };
		6F050B2E2BF1BDBF003D54BD /* KPTag.swift in Sources */ = {isa = PBXBuildFile; fileRef = 6F050B2D2BF1BDBF003D54BD /* KPTag.swift */; };
		6F050B302BF1BDDD003D54BD /* KPColorTheme.swift in Sources */ = {isa = PBXBuildFile; fileRef = 6F050B2F2BF1BDDD003D54BD /* KPColorTheme.swift */; };
		6F050B322BF1BDF4003D54BD /* KPEdge.swift in Sources */ = {isa = PBXBuildFile; fileRef = 6F050B312BF1BDF4003D54BD /* KPEdge.swift */; };
		6F050B342BF1BE04003D54BD /* KPInputPoint.swift in Sources */ = {isa = PBXBuildFile; fileRef = 6F050B332BF1BE04003D54BD /* KPInputPoint.swift */; };
		6F050B362BF1BE14003D54BD /* KPOutputPoint.swift in Sources */ = {isa = PBXBuildFile; fileRef = 6F050B352BF1BE14003D54BD /* KPOutputPoint.swift */; };
		6F050B382BF1BEEF003D54BD /* KPText.swift in Sources */ = {isa = PBXBuildFile; fileRef = 6F050B372BF1BEEF003D54BD /* KPText.swift */; };
		6F050B3A2BF302B1003D54BD /* InputPointView.swift in Sources */ = {isa = PBXBuildFile; fileRef = 6F050B392BF302B1003D54BD /* InputPointView.swift */; };
		6F050B3C2BF302F5003D54BD /* OutputPointView.swift in Sources */ = {isa = PBXBuildFile; fileRef = 6F050B3B2BF302F5003D54BD /* OutputPointView.swift */; };
		6F050B3E2BF34420003D54BD /* InputPointPreference.swift in Sources */ = {isa = PBXBuildFile; fileRef = 6F050B3D2BF34420003D54BD /* InputPointPreference.swift */; };
		6F050B412BF34445003D54BD /* OutputPointPreference.swift in Sources */ = {isa = PBXBuildFile; fileRef = 6F050B402BF34445003D54BD /* OutputPointPreference.swift */; };
		6F050B432BF348A0003D54BD /* CGPoint+Operators.swift in Sources */ = {isa = PBXBuildFile; fileRef = 6F050B422BF348A0003D54BD /* CGPoint+Operators.swift */; };
		6F050B452BF37D4B003D54BD /* CGRect+center.swift in Sources */ = {isa = PBXBuildFile; fileRef = 6F050B442BF37D4B003D54BD /* CGRect+center.swift */; };
		6F9D09C92BEDC29500159BFC /* LabDuckApp.swift in Sources */ = {isa = PBXBuildFile; fileRef = 6F9D09C82BEDC29500159BFC /* LabDuckApp.swift */; };
		6F9D09CD2BEDC29700159BFC /* Assets.xcassets in Resources */ = {isa = PBXBuildFile; fileRef = 6F9D09CC2BEDC29700159BFC /* Assets.xcassets */; };
		6F9D09D02BEDC29700159BFC /* Preview Assets.xcassets in Resources */ = {isa = PBXBuildFile; fileRef = 6F9D09CF2BEDC29700159BFC /* Preview Assets.xcassets */; };
		988282102BF6E85800BF29B8 /* HoverState.swift in Sources */ = {isa = PBXBuildFile; fileRef = 9882820F2BF6E85800BF29B8 /* HoverState.swift */; };
		BD57969D2BF1F2AC0023A92C /* TableView.swift in Sources */ = {isa = PBXBuildFile; fileRef = BD57969C2BF1F2AC0023A92C /* TableView.swift */; };
/* End PBXBuildFile section */

/* Begin PBXFileReference section */
		6F050B1C2BF1AAA3003D54BD /* MainView.swift */ = {isa = PBXFileReference; lastKnownFileType = sourcecode.swift; path = MainView.swift; sourceTree = "<group>"; };
		6F050B1F2BF1AB60003D54BD /* CGSize+Operators.swift */ = {isa = PBXFileReference; lastKnownFileType = sourcecode.swift; path = "CGSize+Operators.swift"; sourceTree = "<group>"; };
		6F050B212BF1AC08003D54BD /* GraphView.swift */ = {isa = PBXFileReference; lastKnownFileType = sourcecode.swift; path = GraphView.swift; sourceTree = "<group>"; };
		6F050B232BF1AC30003D54BD /* KPNode.swift */ = {isa = PBXFileReference; lastKnownFileType = sourcecode.swift; path = KPNode.swift; sourceTree = "<group>"; };
		6F050B252BF1AC6B003D54BD /* View+draggable.swift */ = {isa = PBXFileReference; lastKnownFileType = sourcecode.swift; path = "View+draggable.swift"; sourceTree = "<group>"; };
		6F050B272BF1ACA0003D54BD /* DraggableViewModifier.swift */ = {isa = PBXFileReference; lastKnownFileType = sourcecode.swift; path = DraggableViewModifier.swift; sourceTree = "<group>"; };
		6F050B292BF1AD8A003D54BD /* NodeView.swift */ = {isa = PBXFileReference; lastKnownFileType = sourcecode.swift; path = NodeView.swift; sourceTree = "<group>"; };
		6F050B2B2BF1BD4B003D54BD /* KPBoard.swift */ = {isa = PBXFileReference; lastKnownFileType = sourcecode.swift; path = KPBoard.swift; sourceTree = "<group>"; };
		6F050B2D2BF1BDBF003D54BD /* KPTag.swift */ = {isa = PBXFileReference; lastKnownFileType = sourcecode.swift; path = KPTag.swift; sourceTree = "<group>"; };
		6F050B2F2BF1BDDD003D54BD /* KPColorTheme.swift */ = {isa = PBXFileReference; lastKnownFileType = sourcecode.swift; path = KPColorTheme.swift; sourceTree = "<group>"; };
		6F050B312BF1BDF4003D54BD /* KPEdge.swift */ = {isa = PBXFileReference; lastKnownFileType = sourcecode.swift; path = KPEdge.swift; sourceTree = "<group>"; };
		6F050B332BF1BE04003D54BD /* KPInputPoint.swift */ = {isa = PBXFileReference; lastKnownFileType = sourcecode.swift; path = KPInputPoint.swift; sourceTree = "<group>"; };
		6F050B352BF1BE14003D54BD /* KPOutputPoint.swift */ = {isa = PBXFileReference; lastKnownFileType = sourcecode.swift; path = KPOutputPoint.swift; sourceTree = "<group>"; };
		6F050B372BF1BEEF003D54BD /* KPText.swift */ = {isa = PBXFileReference; lastKnownFileType = sourcecode.swift; path = KPText.swift; sourceTree = "<group>"; };
		6F050B392BF302B1003D54BD /* InputPointView.swift */ = {isa = PBXFileReference; lastKnownFileType = sourcecode.swift; path = InputPointView.swift; sourceTree = "<group>"; };
		6F050B3B2BF302F5003D54BD /* OutputPointView.swift */ = {isa = PBXFileReference; lastKnownFileType = sourcecode.swift; path = OutputPointView.swift; sourceTree = "<group>"; };
		6F050B3D2BF34420003D54BD /* InputPointPreference.swift */ = {isa = PBXFileReference; lastKnownFileType = sourcecode.swift; path = InputPointPreference.swift; sourceTree = "<group>"; };
		6F050B402BF34445003D54BD /* OutputPointPreference.swift */ = {isa = PBXFileReference; lastKnownFileType = sourcecode.swift; path = OutputPointPreference.swift; sourceTree = "<group>"; };
		6F050B422BF348A0003D54BD /* CGPoint+Operators.swift */ = {isa = PBXFileReference; lastKnownFileType = sourcecode.swift; path = "CGPoint+Operators.swift"; sourceTree = "<group>"; };
		6F050B442BF37D4B003D54BD /* CGRect+center.swift */ = {isa = PBXFileReference; lastKnownFileType = sourcecode.swift; path = "CGRect+center.swift"; sourceTree = "<group>"; };
		6F9D09C52BEDC29500159BFC /* LabDuck.app */ = {isa = PBXFileReference; explicitFileType = wrapper.application; includeInIndex = 0; path = LabDuck.app; sourceTree = BUILT_PRODUCTS_DIR; };
		6F9D09C82BEDC29500159BFC /* LabDuckApp.swift */ = {isa = PBXFileReference; lastKnownFileType = sourcecode.swift; path = LabDuckApp.swift; sourceTree = "<group>"; };
		6F9D09CC2BEDC29700159BFC /* Assets.xcassets */ = {isa = PBXFileReference; lastKnownFileType = folder.assetcatalog; path = Assets.xcassets; sourceTree = "<group>"; };
		6F9D09CF2BEDC29700159BFC /* Preview Assets.xcassets */ = {isa = PBXFileReference; lastKnownFileType = folder.assetcatalog; path = "Preview Assets.xcassets"; sourceTree = "<group>"; };
		6F9D09D12BEDC29700159BFC /* LabDuck.entitlements */ = {isa = PBXFileReference; lastKnownFileType = text.plist.entitlements; path = LabDuck.entitlements; sourceTree = "<group>"; };
		9882820F2BF6E85800BF29B8 /* HoverState.swift */ = {isa = PBXFileReference; lastKnownFileType = sourcecode.swift; path = HoverState.swift; sourceTree = "<group>"; };
		BD57969C2BF1F2AC0023A92C /* TableView.swift */ = {isa = PBXFileReference; lastKnownFileType = sourcecode.swift; path = TableView.swift; sourceTree = "<group>"; };
/* End PBXFileReference section */

/* Begin PBXFrameworksBuildPhase section */
		6F9D09C22BEDC29500159BFC /* Frameworks */ = {
			isa = PBXFrameworksBuildPhase;
			buildActionMask = 2147483647;
			files = (
			);
			runOnlyForDeploymentPostprocessing = 0;
		};
/* End PBXFrameworksBuildPhase section */

/* Begin PBXGroup section */
		6F050B1A2BF1AA5B003D54BD /* View */ = {
			isa = PBXGroup;
			children = (
				6F050B1C2BF1AAA3003D54BD /* MainView.swift */,
				6F050B212BF1AC08003D54BD /* GraphView.swift */,
				6F050B292BF1AD8A003D54BD /* NodeView.swift */,
				BD57969C2BF1F2AC0023A92C /* TableView.swift */,
				6F050B392BF302B1003D54BD /* InputPointView.swift */,
				6F050B3B2BF302F5003D54BD /* OutputPointView.swift */,
			);
			path = View;
			sourceTree = "<group>";
		};
		6F050B1B2BF1AA61003D54BD /* Model */ = {
			isa = PBXGroup;
			children = (
				6F050B2B2BF1BD4B003D54BD /* KPBoard.swift */,
				6F050B232BF1AC30003D54BD /* KPNode.swift */,
				6F050B2D2BF1BDBF003D54BD /* KPTag.swift */,
				6F050B2F2BF1BDDD003D54BD /* KPColorTheme.swift */,
				6F050B312BF1BDF4003D54BD /* KPEdge.swift */,
				6F050B332BF1BE04003D54BD /* KPInputPoint.swift */,
				6F050B352BF1BE14003D54BD /* KPOutputPoint.swift */,
				6F050B372BF1BEEF003D54BD /* KPText.swift */,
				6F050B3F2BF3442D003D54BD /* Preference */,
			);
			path = Model;
			sourceTree = "<group>";
		};
		6F050B1E2BF1AB04003D54BD /* Util */ = {
			isa = PBXGroup;
			children = (
				6F050B1F2BF1AB60003D54BD /* CGSize+Operators.swift */,
				6F050B252BF1AC6B003D54BD /* View+draggable.swift */,
				6F050B272BF1ACA0003D54BD /* DraggableViewModifier.swift */,
				6F050B422BF348A0003D54BD /* CGPoint+Operators.swift */,
				6F050B442BF37D4B003D54BD /* CGRect+center.swift */,
				9882820F2BF6E85800BF29B8 /* HoverState.swift */,
			);
			path = Util;
			sourceTree = "<group>";
		};
		6F050B3F2BF3442D003D54BD /* Preference */ = {
			isa = PBXGroup;
			children = (
				6F050B3D2BF34420003D54BD /* InputPointPreference.swift */,
				6F050B402BF34445003D54BD /* OutputPointPreference.swift */,
			);
			path = Preference;
			sourceTree = "<group>";
		};
		6F9D09BC2BEDC29500159BFC = {
			isa = PBXGroup;
			children = (
				6F9D09C72BEDC29500159BFC /* LabDuck */,
				6F9D09C62BEDC29500159BFC /* Products */,
			);
			sourceTree = "<group>";
		};
		6F9D09C62BEDC29500159BFC /* Products */ = {
			isa = PBXGroup;
			children = (
				6F9D09C52BEDC29500159BFC /* LabDuck.app */,
			);
			name = Products;
			sourceTree = "<group>";
		};
		6F9D09C72BEDC29500159BFC /* LabDuck */ = {
			isa = PBXGroup;
			children = (
				6F9D09C82BEDC29500159BFC /* LabDuckApp.swift */,
				6F050B1E2BF1AB04003D54BD /* Util */,
				6F050B1B2BF1AA61003D54BD /* Model */,
				6F050B1A2BF1AA5B003D54BD /* View */,
				6F9D09CC2BEDC29700159BFC /* Assets.xcassets */,
				6F9D09D12BEDC29700159BFC /* LabDuck.entitlements */,
				6F9D09CE2BEDC29700159BFC /* Preview Content */,
			);
			path = LabDuck;
			sourceTree = "<group>";
		};
		6F9D09CE2BEDC29700159BFC /* Preview Content */ = {
			isa = PBXGroup;
			children = (
				6F9D09CF2BEDC29700159BFC /* Preview Assets.xcassets */,
			);
			path = "Preview Content";
			sourceTree = "<group>";
		};
/* End PBXGroup section */

/* Begin PBXNativeTarget section */
		6F9D09C42BEDC29500159BFC /* LabDuck */ = {
			isa = PBXNativeTarget;
			buildConfigurationList = 6F9D09D42BEDC29700159BFC /* Build configuration list for PBXNativeTarget "LabDuck" */;
			buildPhases = (
				6F9D09C12BEDC29500159BFC /* Sources */,
				6F9D09C22BEDC29500159BFC /* Frameworks */,
				6F9D09C32BEDC29500159BFC /* Resources */,
			);
			buildRules = (
			);
			dependencies = (
			);
			name = LabDuck;
			productName = LabDuck;
			productReference = 6F9D09C52BEDC29500159BFC /* LabDuck.app */;
			productType = "com.apple.product-type.application";
		};
/* End PBXNativeTarget section */

/* Begin PBXProject section */
		6F9D09BD2BEDC29500159BFC /* Project object */ = {
			isa = PBXProject;
			attributes = {
				BuildIndependentTargetsInParallel = 1;
				LastSwiftUpdateCheck = 1530;
				LastUpgradeCheck = 1530;
				TargetAttributes = {
					6F9D09C42BEDC29500159BFC = {
						CreatedOnToolsVersion = 15.3;
					};
				};
			};
			buildConfigurationList = 6F9D09C02BEDC29500159BFC /* Build configuration list for PBXProject "LabDuck" */;
			compatibilityVersion = "Xcode 14.0";
			developmentRegion = en;
			hasScannedForEncodings = 0;
			knownRegions = (
				en,
				Base,
			);
			mainGroup = 6F9D09BC2BEDC29500159BFC;
			productRefGroup = 6F9D09C62BEDC29500159BFC /* Products */;
			projectDirPath = "";
			projectRoot = "";
			targets = (
				6F9D09C42BEDC29500159BFC /* LabDuck */,
			);
		};
/* End PBXProject section */

/* Begin PBXResourcesBuildPhase section */
		6F9D09C32BEDC29500159BFC /* Resources */ = {
			isa = PBXResourcesBuildPhase;
			buildActionMask = 2147483647;
			files = (
				6F9D09D02BEDC29700159BFC /* Preview Assets.xcassets in Resources */,
				6F9D09CD2BEDC29700159BFC /* Assets.xcassets in Resources */,
			);
			runOnlyForDeploymentPostprocessing = 0;
		};
/* End PBXResourcesBuildPhase section */

/* Begin PBXSourcesBuildPhase section */
		6F9D09C12BEDC29500159BFC /* Sources */ = {
			isa = PBXSourcesBuildPhase;
			buildActionMask = 2147483647;
			files = (
				6F050B412BF34445003D54BD /* OutputPointPreference.swift in Sources */,
				6F050B262BF1AC6B003D54BD /* View+draggable.swift in Sources */,
				6F050B202BF1AB60003D54BD /* CGSize+Operators.swift in Sources */,
				6F050B342BF1BE04003D54BD /* KPInputPoint.swift in Sources */,
				6F050B2A2BF1AD8A003D54BD /* NodeView.swift in Sources */,
				6F050B3E2BF34420003D54BD /* InputPointPreference.swift in Sources */,
				6F050B362BF1BE14003D54BD /* KPOutputPoint.swift in Sources */,
				6F050B432BF348A0003D54BD /* CGPoint+Operators.swift in Sources */,
				6F050B452BF37D4B003D54BD /* CGRect+center.swift in Sources */,
				6F050B1D2BF1AAA3003D54BD /* MainView.swift in Sources */,
				6F9D09C92BEDC29500159BFC /* LabDuckApp.swift in Sources */,
				6F050B3A2BF302B1003D54BD /* InputPointView.swift in Sources */,
				6F050B242BF1AC30003D54BD /* KPNode.swift in Sources */,
				6F050B382BF1BEEF003D54BD /* KPText.swift in Sources */,
				6F050B302BF1BDDD003D54BD /* KPColorTheme.swift in Sources */,
				988282102BF6E85800BF29B8 /* HoverState.swift in Sources */,
				6F050B282BF1ACA0003D54BD /* DraggableViewModifier.swift in Sources */,
				6F050B3C2BF302F5003D54BD /* OutputPointView.swift in Sources */,
				6F050B222BF1AC08003D54BD /* GraphView.swift in Sources */,
				6F050B2C2BF1BD4B003D54BD /* KPBoard.swift in Sources */,
				BD57969D2BF1F2AC0023A92C /* TableView.swift in Sources */,
				6F050B2E2BF1BDBF003D54BD /* KPTag.swift in Sources */,
				6F050B322BF1BDF4003D54BD /* KPEdge.swift in Sources */,
			);
			runOnlyForDeploymentPostprocessing = 0;
		};
/* End PBXSourcesBuildPhase section */

/* Begin XCBuildConfiguration section */
		6F9D09D22BEDC29700159BFC /* Debug */ = {
			isa = XCBuildConfiguration;
			buildSettings = {
				ALWAYS_SEARCH_USER_PATHS = NO;
				ASSETCATALOG_COMPILER_GENERATE_SWIFT_ASSET_SYMBOL_EXTENSIONS = YES;
				CLANG_ANALYZER_NONNULL = YES;
				CLANG_ANALYZER_NUMBER_OBJECT_CONVERSION = YES_AGGRESSIVE;
				CLANG_CXX_LANGUAGE_STANDARD = "gnu++20";
				CLANG_ENABLE_MODULES = YES;
				CLANG_ENABLE_OBJC_ARC = YES;
				CLANG_ENABLE_OBJC_WEAK = YES;
				CLANG_WARN_BLOCK_CAPTURE_AUTORELEASING = YES;
				CLANG_WARN_BOOL_CONVERSION = YES;
				CLANG_WARN_COMMA = YES;
				CLANG_WARN_CONSTANT_CONVERSION = YES;
				CLANG_WARN_DEPRECATED_OBJC_IMPLEMENTATIONS = YES;
				CLANG_WARN_DIRECT_OBJC_ISA_USAGE = YES_ERROR;
				CLANG_WARN_DOCUMENTATION_COMMENTS = YES;
				CLANG_WARN_EMPTY_BODY = YES;
				CLANG_WARN_ENUM_CONVERSION = YES;
				CLANG_WARN_INFINITE_RECURSION = YES;
				CLANG_WARN_INT_CONVERSION = YES;
				CLANG_WARN_NON_LITERAL_NULL_CONVERSION = YES;
				CLANG_WARN_OBJC_IMPLICIT_RETAIN_SELF = YES;
				CLANG_WARN_OBJC_LITERAL_CONVERSION = YES;
				CLANG_WARN_OBJC_ROOT_CLASS = YES_ERROR;
				CLANG_WARN_QUOTED_INCLUDE_IN_FRAMEWORK_HEADER = YES;
				CLANG_WARN_RANGE_LOOP_ANALYSIS = YES;
				CLANG_WARN_STRICT_PROTOTYPES = YES;
				CLANG_WARN_SUSPICIOUS_MOVE = YES;
				CLANG_WARN_UNGUARDED_AVAILABILITY = YES_AGGRESSIVE;
				CLANG_WARN_UNREACHABLE_CODE = YES;
				CLANG_WARN__DUPLICATE_METHOD_MATCH = YES;
				COPY_PHASE_STRIP = NO;
				DEBUG_INFORMATION_FORMAT = dwarf;
				ENABLE_STRICT_OBJC_MSGSEND = YES;
				ENABLE_TESTABILITY = YES;
				ENABLE_USER_SCRIPT_SANDBOXING = YES;
				GCC_C_LANGUAGE_STANDARD = gnu17;
				GCC_DYNAMIC_NO_PIC = NO;
				GCC_NO_COMMON_BLOCKS = YES;
				GCC_OPTIMIZATION_LEVEL = 0;
				GCC_PREPROCESSOR_DEFINITIONS = (
					"DEBUG=1",
					"$(inherited)",
				);
				GCC_WARN_64_TO_32_BIT_CONVERSION = YES;
				GCC_WARN_ABOUT_RETURN_TYPE = YES_ERROR;
				GCC_WARN_UNDECLARED_SELECTOR = YES;
				GCC_WARN_UNINITIALIZED_AUTOS = YES_AGGRESSIVE;
				GCC_WARN_UNUSED_FUNCTION = YES;
				GCC_WARN_UNUSED_VARIABLE = YES;
				LOCALIZATION_PREFERS_STRING_CATALOGS = YES;
				MACOSX_DEPLOYMENT_TARGET = 14.4;
				MTL_ENABLE_DEBUG_INFO = INCLUDE_SOURCE;
				MTL_FAST_MATH = YES;
				ONLY_ACTIVE_ARCH = YES;
				SDKROOT = macosx;
				SWIFT_ACTIVE_COMPILATION_CONDITIONS = "DEBUG $(inherited)";
				SWIFT_OPTIMIZATION_LEVEL = "-Onone";
			};
			name = Debug;
		};
		6F9D09D32BEDC29700159BFC /* Release */ = {
			isa = XCBuildConfiguration;
			buildSettings = {
				ALWAYS_SEARCH_USER_PATHS = NO;
				ASSETCATALOG_COMPILER_GENERATE_SWIFT_ASSET_SYMBOL_EXTENSIONS = YES;
				CLANG_ANALYZER_NONNULL = YES;
				CLANG_ANALYZER_NUMBER_OBJECT_CONVERSION = YES_AGGRESSIVE;
				CLANG_CXX_LANGUAGE_STANDARD = "gnu++20";
				CLANG_ENABLE_MODULES = YES;
				CLANG_ENABLE_OBJC_ARC = YES;
				CLANG_ENABLE_OBJC_WEAK = YES;
				CLANG_WARN_BLOCK_CAPTURE_AUTORELEASING = YES;
				CLANG_WARN_BOOL_CONVERSION = YES;
				CLANG_WARN_COMMA = YES;
				CLANG_WARN_CONSTANT_CONVERSION = YES;
				CLANG_WARN_DEPRECATED_OBJC_IMPLEMENTATIONS = YES;
				CLANG_WARN_DIRECT_OBJC_ISA_USAGE = YES_ERROR;
				CLANG_WARN_DOCUMENTATION_COMMENTS = YES;
				CLANG_WARN_EMPTY_BODY = YES;
				CLANG_WARN_ENUM_CONVERSION = YES;
				CLANG_WARN_INFINITE_RECURSION = YES;
				CLANG_WARN_INT_CONVERSION = YES;
				CLANG_WARN_NON_LITERAL_NULL_CONVERSION = YES;
				CLANG_WARN_OBJC_IMPLICIT_RETAIN_SELF = YES;
				CLANG_WARN_OBJC_LITERAL_CONVERSION = YES;
				CLANG_WARN_OBJC_ROOT_CLASS = YES_ERROR;
				CLANG_WARN_QUOTED_INCLUDE_IN_FRAMEWORK_HEADER = YES;
				CLANG_WARN_RANGE_LOOP_ANALYSIS = YES;
				CLANG_WARN_STRICT_PROTOTYPES = YES;
				CLANG_WARN_SUSPICIOUS_MOVE = YES;
				CLANG_WARN_UNGUARDED_AVAILABILITY = YES_AGGRESSIVE;
				CLANG_WARN_UNREACHABLE_CODE = YES;
				CLANG_WARN__DUPLICATE_METHOD_MATCH = YES;
				COPY_PHASE_STRIP = NO;
				DEBUG_INFORMATION_FORMAT = "dwarf-with-dsym";
				ENABLE_NS_ASSERTIONS = NO;
				ENABLE_STRICT_OBJC_MSGSEND = YES;
				ENABLE_USER_SCRIPT_SANDBOXING = YES;
				GCC_C_LANGUAGE_STANDARD = gnu17;
				GCC_NO_COMMON_BLOCKS = YES;
				GCC_WARN_64_TO_32_BIT_CONVERSION = YES;
				GCC_WARN_ABOUT_RETURN_TYPE = YES_ERROR;
				GCC_WARN_UNDECLARED_SELECTOR = YES;
				GCC_WARN_UNINITIALIZED_AUTOS = YES_AGGRESSIVE;
				GCC_WARN_UNUSED_FUNCTION = YES;
				GCC_WARN_UNUSED_VARIABLE = YES;
				LOCALIZATION_PREFERS_STRING_CATALOGS = YES;
				MACOSX_DEPLOYMENT_TARGET = 14.4;
				MTL_ENABLE_DEBUG_INFO = NO;
				MTL_FAST_MATH = YES;
				SDKROOT = macosx;
				SWIFT_COMPILATION_MODE = wholemodule;
			};
			name = Release;
		};
		6F9D09D52BEDC29700159BFC /* Debug */ = {
			isa = XCBuildConfiguration;
			buildSettings = {
				ASSETCATALOG_COMPILER_APPICON_NAME = AppIcon;
				ASSETCATALOG_COMPILER_GLOBAL_ACCENT_COLOR_NAME = AccentColor;
				CODE_SIGN_ENTITLEMENTS = LabDuck/LabDuck.entitlements;
				CODE_SIGN_STYLE = Manual;
				COMBINE_HIDPI_IMAGES = YES;
				CURRENT_PROJECT_VERSION = 1;
				DEVELOPMENT_ASSET_PATHS = "\"LabDuck/Preview Content\"";
				DEVELOPMENT_TEAM = "";
				ENABLE_PREVIEWS = YES;
				GENERATE_INFOPLIST_FILE = YES;
				INFOPLIST_KEY_LSApplicationCategoryType = "public.app-category.productivity";
				INFOPLIST_KEY_NSHumanReadableCopyright = "";
				LD_RUNPATH_SEARCH_PATHS = (
					"$(inherited)",
					"@executable_path/../Frameworks",
				);
				MACOSX_DEPLOYMENT_TARGET = 14.4;
				MARKETING_VERSION = 1.0;
				PRODUCT_BUNDLE_IDENTIFIER = team.kapochip.LabDuck;
				PRODUCT_NAME = "$(TARGET_NAME)";
				PROVISIONING_PROFILE_SPECIFIER = "";
				SWIFT_EMIT_LOC_STRINGS = YES;
				SWIFT_VERSION = 5.0;
			};
			name = Debug;
		};
		6F9D09D62BEDC29700159BFC /* Release */ = {
			isa = XCBuildConfiguration;
			buildSettings = {
				ASSETCATALOG_COMPILER_APPICON_NAME = AppIcon;
				ASSETCATALOG_COMPILER_GLOBAL_ACCENT_COLOR_NAME = AccentColor;
				CODE_SIGN_ENTITLEMENTS = LabDuck/LabDuck.entitlements;
				CODE_SIGN_STYLE = Manual;
				COMBINE_HIDPI_IMAGES = YES;
				CURRENT_PROJECT_VERSION = 1;
				DEVELOPMENT_ASSET_PATHS = "\"LabDuck/Preview Content\"";
				DEVELOPMENT_TEAM = "";
				ENABLE_PREVIEWS = YES;
				GENERATE_INFOPLIST_FILE = YES;
				INFOPLIST_KEY_LSApplicationCategoryType = "public.app-category.productivity";
				INFOPLIST_KEY_NSHumanReadableCopyright = "";
				LD_RUNPATH_SEARCH_PATHS = (
					"$(inherited)",
					"@executable_path/../Frameworks",
				);
				MACOSX_DEPLOYMENT_TARGET = 14.4;
				MARKETING_VERSION = 1.0;
				PRODUCT_BUNDLE_IDENTIFIER = team.kapochip.LabDuck;
				PRODUCT_NAME = "$(TARGET_NAME)";
				PROVISIONING_PROFILE_SPECIFIER = "";
				SWIFT_EMIT_LOC_STRINGS = YES;
				SWIFT_VERSION = 5.0;
			};
			name = Release;
		};
/* End XCBuildConfiguration section */

/* Begin XCConfigurationList section */
		6F9D09C02BEDC29500159BFC /* Build configuration list for PBXProject "LabDuck" */ = {
			isa = XCConfigurationList;
			buildConfigurations = (
				6F9D09D22BEDC29700159BFC /* Debug */,
				6F9D09D32BEDC29700159BFC /* Release */,
			);
			defaultConfigurationIsVisible = 0;
			defaultConfigurationName = Release;
		};
		6F9D09D42BEDC29700159BFC /* Build configuration list for PBXNativeTarget "LabDuck" */ = {
			isa = XCConfigurationList;
			buildConfigurations = (
				6F9D09D52BEDC29700159BFC /* Debug */,
				6F9D09D62BEDC29700159BFC /* Release */,
			);
			defaultConfigurationIsVisible = 0;
			defaultConfigurationName = Release;
		};
/* End XCConfigurationList section */
	};
	rootObject = 6F9D09BD2BEDC29500159BFC /* Project object */;
}
